
Microsoft Visual Studio Solution File, Format Version 12.00
# Visual Studio Version 16
VisualStudioVersion = 16.0.30011.22
MinimumVisualStudioVersion = 10.0.40219.1
Project("{FAE04EC0-301F-11D3-BF4B-00C04F79EFBC}") = "RazorPagesMovieBT", "RazorPagesMovieBT.csproj", "{45F211CA-5120-45F9-8CE8-1F1A8046D94C}"
EndProject
Global
	GlobalSection(SolutionConfigurationPlatforms) = preSolution
		Debug|Any CPU = Debug|Any CPU
		Release|Any CPU = Release|Any CPU
	EndGlobalSection
	GlobalSection(ProjectConfigurationPlatforms) = postSolution
		{45F211CA-5120-45F9-8CE8-1F1A8046D94C}.Debug|Any CPU.ActiveCfg = Debug|Any CPU
		{45F211CA-5120-45F9-8CE8-1F1A8046D94C}.Debug|Any CPU.Build.0 = Debug|Any CPU
		{45F211CA-5120-45F9-8CE8-1F1A8046D94C}.Release|Any CPU.ActiveCfg = Release|Any CPU
		{45F211CA-5120-45F9-8CE8-1F1A8046D94C}.Release|Any CPU.Build.0 = Release|Any CPU
	EndGlobalSection
	GlobalSection(SolutionProperties) = preSolution
		HideSolutionNode = FALSE
	EndGlobalSection
	GlobalSection(ExtensibilityGlobals) = postSolution
		SolutionGuid = {A1576F9B-0D64-4E5C-B35E-329FFA2187C5}
	EndGlobalSection
EndGlobal
